{
	"requires": true,
	"lockfileVersion": 1,
	"dependencies": {
		"@types/es6-promise": {
			"version": "0.0.32",
			"resolved": "https://registry.npmjs.org/@types/es6-promise/-/es6-promise-0.0.32.tgz",
			"integrity": "sha1-O89E+x5Cnz33YYjIxth0Rjujcf0="
		},
		"@types/fetch-mock": {
			"version": "5.8.3",
			"resolved": "https://registry.npmjs.org/@types/fetch-mock/-/fetch-mock-5.8.3.tgz",
			"integrity": "sha512-/Oo6Ht++BJq5ruKvOft/mLaoHG7659ZHDsOkzR+RKC6R3DaDAr+uz2xDBwozBmqszHxh/lRzpofgowY2xQ5cuA=="
		},
		"@types/form-data": {
			"version": "0.0.33",
			"resolved": "https://registry.npmjs.org/@types/form-data/-/form-data-0.0.33.tgz",
			"integrity": "sha1-yayFsqX9GENbjIXZ7LUObWyJP/g=",
			"requires": {
				"@types/node": "6.0.85"
			}
		},
		"@types/isomorphic-fetch": {
			"version": "0.0.34",
			"resolved": "https://registry.npmjs.org/@types/isomorphic-fetch/-/isomorphic-fetch-0.0.34.tgz",
			"integrity": "sha1-PDSD5gbAQTeEOOlRRk8A5OYHBtY="
		},
		"@types/jasmine": {
			"version": "2.5.53",
			"resolved": "https://registry.npmjs.org/@types/jasmine/-/jasmine-2.5.53.tgz",
			"integrity": "sha512-2YNL0jXYuN7w07mb1sMZQ6T6zOvGi83v8UbjhBZ8mhvI1VkQ2STU9XOrTFyvWswMyh5rW1evS+e7qltYJvTqPA=="
		},
		"@types/node": {
			"version": "6.0.85",
			"resolved": "https://registry.npmjs.org/@types/node/-/node-6.0.85.tgz",
			"integrity": "sha512-6qLZpfQFO/g5Ns2e7RsW6brk0Q6Xzwiw7kVVU/XiQNOiJXSojhX76GP457PBYIsNMH2WfcGgcnZB4awFDHrwpA=="
		},
		"asynckit": {
			"version": "https://registry.npmjs.org/asynckit/-/asynckit-0.4.0.tgz",
			"integrity": "sha1-x57Zf380y48robyXkLzDZkdLS3k="
		},
		"combined-stream": {
			"version": "https://registry.npmjs.org/combined-stream/-/combined-stream-1.0.5.tgz",
			"integrity": "sha1-k4NwpXtKUd6ix3wV1cX9+JUWQAk=",
			"requires": {
				"delayed-stream": "https://registry.npmjs.org/delayed-stream/-/delayed-stream-1.0.0.tgz"
			}
		},
		"delayed-stream": {
			"version": "https://registry.npmjs.org/delayed-stream/-/delayed-stream-1.0.0.tgz",
			"integrity": "sha1-3zrhmayt+31ECqrgsp4icrJOxhk="
		},
		"encoding": {
			"version": "https://registry.npmjs.org/encoding/-/encoding-0.1.12.tgz",
			"integrity": "sha1-U4tm8+5izRq1HsMjgp0flIDHS+s=",
			"requires": {
				"iconv-lite": "https://registry.npmjs.org/iconv-lite/-/iconv-lite-0.4.18.tgz"
			}
		},
		"es6-promise": {
			"version": "https://registry.npmjs.org/es6-promise/-/es6-promise-4.1.1.tgz",
			"integrity": "sha1-iBHpCRXZoNujYnTwskLb2nj5ySo="
		},
		"form-data": {
			"version": "https://registry.npmjs.org/form-data/-/form-data-2.2.0.tgz",
			"integrity": "sha1-ml47kpX5gLJiPPZPojixTOvKcHs=",
			"requires": {
				"asynckit": "https://registry.npmjs.org/asynckit/-/asynckit-0.4.0.tgz",
				"combined-stream": "https://registry.npmjs.org/combined-stream/-/combined-stream-1.0.5.tgz",
				"mime-types": "https://registry.npmjs.org/mime-types/-/mime-types-2.1.15.tgz"
			}
		},
		"iconv-lite": {
			"version": "https://registry.npmjs.org/iconv-lite/-/iconv-lite-0.4.18.tgz",
			"integrity": "sha1-I9hlaxaq5nQqwpcy6o8DNqR4nPI="
		},
		"is-stream": {
			"version": "https://registry.npmjs.org/is-stream/-/is-stream-1.1.0.tgz",
			"integrity": "sha1-EtSj3U5o4Lec6428hBc66A2RykQ="
		},
		"isomorphic-fetch": {
			"version": "https://registry.npmjs.org/isomorphic-fetch/-/isomorphic-fetch-2.2.1.tgz",
			"integrity": "sha1-YRrhrPFPXoH3KVB0coGf6XM1WKk=",
			"requires": {
				"node-fetch": "https://registry.npmjs.org/node-fetch/-/node-fetch-1.7.1.tgz",
				"whatwg-fetch": "https://registry.npmjs.org/whatwg-fetch/-/whatwg-fetch-2.0.3.tgz"
			}
		},
		"lodash-es": {
			"version": "https://registry.npmjs.org/lodash-es/-/lodash-es-4.17.4.tgz",
			"integrity": "sha1-3MHXVS4VCgZABzupyzHXDwMpUOc="
		},
		"mime-db": {
			"version": "https://registry.npmjs.org/mime-db/-/mime-db-1.27.0.tgz",
			"integrity": "sha1-gg9XIpa70g7CXtVeW13oaeVDbrE="
		},
		"mime-types": {
			"version": "https://registry.npmjs.org/mime-types/-/mime-types-2.1.15.tgz",
			"integrity": "sha1-pOv1BkCUVpI3uM9wBGd20J/JKu0=",
			"requires": {
				"mime-db": "https://registry.npmjs.org/mime-db/-/mime-db-1.27.0.tgz"
			}
		},
		"node-fetch": {
			"version": "https://registry.npmjs.org/node-fetch/-/node-fetch-1.7.1.tgz",
			"integrity": "sha1-iZyz0KPJL5UsR/G4dvTIrqvUANU=",
			"requires": {
				"encoding": "https://registry.npmjs.org/encoding/-/encoding-0.1.12.tgz",
				"is-stream": "https://registry.npmjs.org/is-stream/-/is-stream-1.1.0.tgz"
			}
		},
		"url-search-params": {
			"version": "https://registry.npmjs.org/url-search-params/-/url-search-params-0.9.0.tgz",
			"integrity": "sha1-5x13ZKZQNTPL/pdxspY8th6hwiU="
		},
		"whatwg-fetch": {
			"version": "https://registry.npmjs.org/whatwg-fetch/-/whatwg-fetch-2.0.3.tgz",
			"integrity": "sha1-nITsLc9oGH/wC8ZOEnS0QhduHIQ="
		}
	}
}
