{
  "name": "stream-response-to-file",
  "version": "3.2.1",
  "lockfileVersion": 2,
  "requires": true,
  "packages": {
    "": {
      "version": "3.2.1",
      "license": "Apache-2.0",
      "dependencies": {
        "@esri/arcgis-rest-feature-layer": "^3.2.1",
        "@esri/arcgis-rest-request": "^3.2.1",
        "isomorphic-form-data": "^2.0.0",
        "node-fetch": "^2.3.0"
      }
    },
    "node_modules/@esri/arcgis-rest-auth": {
      "version": "3.1.2",
      "resolved": "https://registry.npmjs.org/@esri/arcgis-rest-auth/-/arcgis-rest-auth-3.1.2.tgz",
      "integrity": "sha512-HVWJogF8QPcOW2tOeOtA16Y4X726cnLcciWyogIWzdvbGzreVmnXIHkEQYyvR03YzDy1xLVaMWHNbgWaG59ubw==",
      "peer": true,
      "dependencies": {
        "@esri/arcgis-rest-types": "^3.1.2",
        "tslib": "^1.13.0"
      },
      "peerDependencies": {
        "@esri/arcgis-rest-request": "^3.0.0"
      }
    },
    "node_modules/@esri/arcgis-rest-feature-layer": {
      "version": "3.2.1",
      "resolved": "https://registry.npmjs.org/@esri/arcgis-rest-feature-layer/-/arcgis-rest-feature-layer-3.2.1.tgz",
      "integrity": "sha512-v4KEYVD9sPL1OlomV7w6DkV2dMsdD+Bm8hzP0pEaLFN2kVL2Eu5ysMFYATCDltV6anXBmLicjGSvfuv8JPOjew==",
      "dependencies": {
        "@esri/arcgis-rest-types": "^3.2.1",
        "tslib": "^1.13.0"
      },
      "peerDependencies": {
        "@esri/arcgis-rest-auth": "^3.0.0",
        "@esri/arcgis-rest-request": "^3.0.0"
      }
    },
    "node_modules/@esri/arcgis-rest-request": {
      "version": "3.2.1",
      "resolved": "https://registry.npmjs.org/@esri/arcgis-rest-request/-/arcgis-rest-request-3.2.1.tgz",
      "integrity": "sha512-uO3MNwQ5qfpn5aTIZc7OPgxmYkHyEmdUPvsXxz+MCbU/bDd+fcuEVXlw9F7n0tkxkYiiajVJjgxSF+sLc1nlRA==",
      "dependencies": {
        "tslib": "^1.10.0"
      }
    },
    "node_modules/@esri/arcgis-rest-types": {
      "version": "3.2.1",
      "resolved": "https://registry.npmjs.org/@esri/arcgis-rest-types/-/arcgis-rest-types-3.2.1.tgz",
      "integrity": "sha512-lVOAhu0qvhQEm5BFSOp8VxqxkAd5dBa7ZNXhtuDNNyELy38R0C/0zt3ri4eQLpMIZG4oip/djinOLgzAdQZzBw=="
    },
    "node_modules/asynckit": {
      "version": "0.4.0",
      "resolved": "https://registry.npmjs.org/asynckit/-/asynckit-0.4.0.tgz",
      "integrity": "sha1-x57Zf380y48robyXkLzDZkdLS3k="
    },
    "node_modules/combined-stream": {
      "version": "1.0.7",
      "resolved": "https://registry.npmjs.org/combined-stream/-/combined-stream-1.0.7.tgz",
      "integrity": "sha512-brWl9y6vOB1xYPZcpZde3N9zDByXTosAeMDo4p1wzo6UMOX4vumB+TP1RZ76sfE6Md68Q0NJSrE/gbezd4Ul+w==",
      "dependencies": {
        "delayed-stream": "~1.0.0"
      },
      "engines": {
        "node": ">= 0.8"
      }
    },
    "node_modules/delayed-stream": {
      "version": "1.0.0",
      "resolved": "https://registry.npmjs.org/delayed-stream/-/delayed-stream-1.0.0.tgz",
      "integrity": "sha1-3zrhmayt+31ECqrgsp4icrJOxhk=",
      "engines": {
        "node": ">=0.4.0"
      }
    },
    "node_modules/form-data": {
      "version": "2.3.3",
      "resolved": "https://registry.npmjs.org/form-data/-/form-data-2.3.3.tgz",
      "integrity": "sha512-1lLKB2Mu3aGP1Q/2eCOx0fNbRMe7XdwktwOruhfqqd0rIJWwN4Dh+E3hrPSlDCXnSR7UtZ1N38rVXm+6+MEhJQ==",
      "dependencies": {
        "asynckit": "^0.4.0",
        "combined-stream": "^1.0.6",
        "mime-types": "^2.1.12"
      },
      "engines": {
        "node": ">= 0.12"
      }
    },
    "node_modules/isomorphic-form-data": {
      "version": "2.0.0",
      "resolved": "https://registry.npmjs.org/isomorphic-form-data/-/isomorphic-form-data-2.0.0.tgz",
      "integrity": "sha512-TYgVnXWeESVmQSg4GLVbalmQ+B4NPi/H4eWxqALKj63KsUrcu301YDjBqaOw3h+cbak7Na4Xyps3BiptHtxTfg==",
      "dependencies": {
        "form-data": "^2.3.2"
      }
    },
    "node_modules/mime-db": {
      "version": "1.37.0",
      "resolved": "https://registry.npmjs.org/mime-db/-/mime-db-1.37.0.tgz",
      "integrity": "sha512-R3C4db6bgQhlIhPU48fUtdVmKnflq+hRdad7IyKhtFj06VPNVdk2RhiYL3UjQIlso8L+YxAtFkobT0VK+S/ybg==",
      "engines": {
        "node": ">= 0.6"
      }
    },
    "node_modules/mime-types": {
      "version": "2.1.21",
      "resolved": "https://registry.npmjs.org/mime-types/-/mime-types-2.1.21.tgz",
      "integrity": "sha512-3iL6DbwpyLzjR3xHSFNFeb9Nz/M8WDkX33t1GFQnFOllWk8pOrh/LSrB5OXlnlW5P9LH73X6loW/eogc+F5lJg==",
      "dependencies": {
        "mime-db": "~1.37.0"
      },
      "engines": {
        "node": ">= 0.6"
      }
    },
    "node_modules/node-fetch": {
      "version": "2.6.1",
      "resolved": "https://registry.npmjs.org/node-fetch/-/node-fetch-2.6.1.tgz",
      "integrity": "sha512-V4aYg89jEoVRxRb2fJdAg8FHvI7cEyYdVAh94HH0UIK8oJxUfkjlDQN9RbMx+bEjP7+ggMiFRprSti032Oipxw==",
      "engines": {
        "node": "4.x || >=6.0.0"
      }
    },
    "node_modules/tslib": {
      "version": "1.14.1",
      "resolved": "https://registry.npmjs.org/tslib/-/tslib-1.14.1.tgz",
      "integrity": "sha512-Xni35NKzjgMrwevysHTCArtLDpPvye8zV/0E4EyYn43P7/7qvQwPh9BGkHewbMulVntbigmcT7rdX3BNo9wRJg=="
    }
  },
  "dependencies": {
    "@esri/arcgis-rest-auth": {
      "version": "3.1.2",
      "resolved": "https://registry.npmjs.org/@esri/arcgis-rest-auth/-/arcgis-rest-auth-3.1.2.tgz",
      "integrity": "sha512-HVWJogF8QPcOW2tOeOtA16Y4X726cnLcciWyogIWzdvbGzreVmnXIHkEQYyvR03YzDy1xLVaMWHNbgWaG59ubw==",
      "peer": true,
      "requires": {
        "@esri/arcgis-rest-types": "^3.1.2",
        "tslib": "^1.13.0"
      }
    },
    "@esri/arcgis-rest-feature-layer": {
      "version": "3.2.1",
      "resolved": "https://registry.npmjs.org/@esri/arcgis-rest-feature-layer/-/arcgis-rest-feature-layer-3.2.1.tgz",
      "integrity": "sha512-v4KEYVD9sPL1OlomV7w6DkV2dMsdD+Bm8hzP0pEaLFN2kVL2Eu5ysMFYATCDltV6anXBmLicjGSvfuv8JPOjew==",
      "requires": {
        "@esri/arcgis-rest-types": "^3.2.1",
        "tslib": "^1.13.0"
      }
    },
    "@esri/arcgis-rest-request": {
      "version": "3.2.1",
      "resolved": "https://registry.npmjs.org/@esri/arcgis-rest-request/-/arcgis-rest-request-3.2.1.tgz",
      "integrity": "sha512-uO3MNwQ5qfpn5aTIZc7OPgxmYkHyEmdUPvsXxz+MCbU/bDd+fcuEVXlw9F7n0tkxkYiiajVJjgxSF+sLc1nlRA==",
      "requires": {
        "tslib": "^1.10.0"
      }
    },
    "@esri/arcgis-rest-types": {
      "version": "3.2.1",
      "resolved": "https://registry.npmjs.org/@esri/arcgis-rest-types/-/arcgis-rest-types-3.2.1.tgz",
      "integrity": "sha512-lVOAhu0qvhQEm5BFSOp8VxqxkAd5dBa7ZNXhtuDNNyELy38R0C/0zt3ri4eQLpMIZG4oip/djinOLgzAdQZzBw=="
    },
    "asynckit": {
      "version": "0.4.0",
      "resolved": "https://registry.npmjs.org/asynckit/-/asynckit-0.4.0.tgz",
      "integrity": "sha1-x57Zf380y48robyXkLzDZkdLS3k="
    },
    "combined-stream": {
      "version": "1.0.7",
      "resolved": "https://registry.npmjs.org/combined-stream/-/combined-stream-1.0.7.tgz",
      "integrity": "sha512-brWl9y6vOB1xYPZcpZde3N9zDByXTosAeMDo4p1wzo6UMOX4vumB+TP1RZ76sfE6Md68Q0NJSrE/gbezd4Ul+w==",
      "requires": {
        "delayed-stream": "~1.0.0"
      }
    },
    "delayed-stream": {
      "version": "1.0.0",
      "resolved": "https://registry.npmjs.org/delayed-stream/-/delayed-stream-1.0.0.tgz",
      "integrity": "sha1-3zrhmayt+31ECqrgsp4icrJOxhk="
    },
    "form-data": {
      "version": "2.3.3",
      "resolved": "https://registry.npmjs.org/form-data/-/form-data-2.3.3.tgz",
      "integrity": "sha512-1lLKB2Mu3aGP1Q/2eCOx0fNbRMe7XdwktwOruhfqqd0rIJWwN4Dh+E3hrPSlDCXnSR7UtZ1N38rVXm+6+MEhJQ==",
      "requires": {
        "asynckit": "^0.4.0",
        "combined-stream": "^1.0.6",
        "mime-types": "^2.1.12"
      }
    },
    "isomorphic-form-data": {
      "version": "2.0.0",
      "resolved": "https://registry.npmjs.org/isomorphic-form-data/-/isomorphic-form-data-2.0.0.tgz",
      "integrity": "sha512-TYgVnXWeESVmQSg4GLVbalmQ+B4NPi/H4eWxqALKj63KsUrcu301YDjBqaOw3h+cbak7Na4Xyps3BiptHtxTfg==",
      "requires": {
        "form-data": "^2.3.2"
      }
    },
    "mime-db": {
      "version": "1.37.0",
      "resolved": "https://registry.npmjs.org/mime-db/-/mime-db-1.37.0.tgz",
      "integrity": "sha512-R3C4db6bgQhlIhPU48fUtdVmKnflq+hRdad7IyKhtFj06VPNVdk2RhiYL3UjQIlso8L+YxAtFkobT0VK+S/ybg=="
    },
    "mime-types": {
      "version": "2.1.21",
      "resolved": "https://registry.npmjs.org/mime-types/-/mime-types-2.1.21.tgz",
      "integrity": "sha512-3iL6DbwpyLzjR3xHSFNFeb9Nz/M8WDkX33t1GFQnFOllWk8pOrh/LSrB5OXlnlW5P9LH73X6loW/eogc+F5lJg==",
      "requires": {
        "mime-db": "~1.37.0"
      }
    },
    "node-fetch": {
      "version": "2.6.1",
      "resolved": "https://registry.npmjs.org/node-fetch/-/node-fetch-2.6.1.tgz",
      "integrity": "sha512-V4aYg89jEoVRxRb2fJdAg8FHvI7cEyYdVAh94HH0UIK8oJxUfkjlDQN9RbMx+bEjP7+ggMiFRprSti032Oipxw=="
    },
    "tslib": {
      "version": "1.14.1",
      "resolved": "https://registry.npmjs.org/tslib/-/tslib-1.14.1.tgz",
      "integrity": "sha512-Xni35NKzjgMrwevysHTCArtLDpPvye8zV/0E4EyYn43P7/7qvQwPh9BGkHewbMulVntbigmcT7rdX3BNo9wRJg=="
    }
  }
}
