{
	"requires": true,
	"lockfileVersion": 1,
	"dependencies": {
		"ansi-styles": {
			"version": "3.2.0",
			"resolved": "https://registry.npmjs.org/ansi-styles/-/ansi-styles-3.2.0.tgz",
			"integrity": "sha512-NnSOmMEYtVR2JVMIGTzynRkkaxtiq1xnFBcdQD/DnNCYPoEPsVJhM98BDyaoNOQIi7p4okdi3E27eN7GQbsUug==",
			"requires": {
				"color-convert": "^1.9.0"
			}
		},
		"async": {
			"version": "2.6.0",
			"resolved": "https://registry.npmjs.org/async/-/async-2.6.0.tgz",
			"integrity": "sha512-xAfGg1/NTLBBKlHFmnd7PlmUW9KhVQIUuSrYem9xzFUZy13ScvtyGGejaae9iAVRiRq9+Cx7DPFaAAhCpyxyPw==",
			"requires": {
				"lodash": "^4.14.0"
			}
		},
		"chalk": {
			"version": "2.3.1",
			"resolved": "https://registry.npmjs.org/chalk/-/chalk-2.3.1.tgz",
			"integrity": "sha512-QUU4ofkDoMIVO7hcx1iPTISs88wsO8jA92RQIm4JAwZvFGGAV2hSAA1NX7oVj2Ej2Q6NDTcRDjPTFrMCRZoJ6g==",
			"requires": {
				"ansi-styles": "^3.2.0",
				"escape-string-regexp": "^1.0.5",
				"supports-color": "^5.2.0"
			}
		},
		"color-convert": {
			"version": "1.9.1",
			"resolved": "https://registry.npmjs.org/color-convert/-/color-convert-1.9.1.tgz",
			"integrity": "sha512-mjGanIiwQJskCC18rPR6OmrZ6fm2Lc7PeGFYwCmy5J34wC6F1PzdGL6xeMfmgicfYcNLGuVFA3WzXtIDCQSZxQ==",
			"requires": {
				"color-name": "^1.1.1"
			}
		},
		"color-name": {
			"version": "1.1.3",
			"resolved": "https://registry.npmjs.org/color-name/-/color-name-1.1.3.tgz",
			"integrity": "sha1-p9BVi9icQveV3UIyj3QIMcpTvCU="
		},
		"combined-stream": {
			"version": "1.0.6",
			"resolved": "https://registry.npmjs.org/combined-stream/-/combined-stream-1.0.6.tgz",
			"integrity": "sha1-cj599ugBrFYTETp+RFqbactjKBg=",
			"requires": {
				"delayed-stream": "~1.0.0"
			}
		},
		"commander": {
			"version": "2.14.1",
			"resolved": "https://registry.npmjs.org/commander/-/commander-2.14.1.tgz",
			"integrity": "sha512-+YR16o3rK53SmWHU3rEM3tPAh2rwb1yPcQX5irVn7mb0gXbwuCCrnkbV5+PBfETdfg1vui07nM6PCG1zndcjQw=="
		},
		"delayed-stream": {
			"version": "1.0.0",
			"resolved": "https://registry.npmjs.org/delayed-stream/-/delayed-stream-1.0.0.tgz",
			"integrity": "sha1-3zrhmayt+31ECqrgsp4icrJOxhk="
		},
		"escape-string-regexp": {
			"version": "1.0.5",
			"resolved": "https://registry.npmjs.org/escape-string-regexp/-/escape-string-regexp-1.0.5.tgz",
			"integrity": "sha1-G2HAViGQqN/2rjuyzwIAyhMLhtQ="
		},
		"form-data": {
			"version": "1.0.1",
			"resolved": "https://registry.npmjs.org/form-data/-/form-data-1.0.1.tgz",
			"integrity": "sha1-rjFduaSQf6BlUCMEpm13M0de43w=",
			"requires": {
				"async": "^2.0.1",
				"combined-stream": "^1.0.5",
				"mime-types": "^2.1.11"
			}
		},
		"graceful-fs": {
			"version": "4.1.11",
			"resolved": "https://registry.npmjs.org/graceful-fs/-/graceful-fs-4.1.11.tgz",
			"integrity": "sha1-Dovf5NHduIVNZOBOp8AOKgJuVlg=",
			"optional": true
		},
		"has-flag": {
			"version": "3.0.0",
			"resolved": "https://registry.npmjs.org/has-flag/-/has-flag-3.0.0.tgz",
			"integrity": "sha1-tdRU3CGZriJWmfNGfloH87lVuv0="
		},
		"isomorphic-form-data": {
			"version": "1.0.0",
			"resolved": "https://registry.npmjs.org/isomorphic-form-data/-/isomorphic-form-data-1.0.0.tgz",
			"integrity": "sha1-BEe+fg9rht7z05MDbPdmSpiRkQA=",
			"requires": {
				"form-data": "^1.0.0-rc3"
			}
		},
		"isomorphic-unfetch": {
			"version": "3.0.0",
			"resolved": "https://registry.npmjs.org/isomorphic-unfetch/-/isomorphic-unfetch-3.0.0.tgz",
			"integrity": "sha512-V0tmJSYfkKokZ5mgl0cmfQMTb7MLHsBMngTkbLY0eXvKqiVRRoZP04Ly+KhKrJfKtzC9E6Pp15Jo+bwh7Vi2XQ==",
			"requires": {
				"node-fetch": "^2.2.0",
				"unfetch": "^4.0.0"
			},
			"dependencies": {
				"node-fetch": {
					"version": "2.2.0",
					"resolved": "https://registry.npmjs.org/node-fetch/-/node-fetch-2.2.0.tgz",
					"integrity": "sha512-OayFWziIxiHY8bCUyLX6sTpDH8Jsbp4FfYd1j1f7vZyfgkcOnAyM4oQR16f8a0s7Gl/viMGRey8eScYk4V4EZA=="
				}
			}
		},
		"jsonfile": {
			"version": "4.0.0",
			"resolved": "https://registry.npmjs.org/jsonfile/-/jsonfile-4.0.0.tgz",
			"integrity": "sha1-h3Gq4HmbZAdrdmQPygWPnBDjPss=",
			"requires": {
				"graceful-fs": "^4.1.6"
			}
		},
		"lodash": {
			"version": "4.17.5",
			"resolved": "https://registry.npmjs.org/lodash/-/lodash-4.17.5.tgz",
			"integrity": "sha512-svL3uiZf1RwhH+cWrfZn3A4+U58wbP0tGVTLQPbjplZxZ8ROD9VLuNgsRniTlLe7OlSqR79RUehXgpBW/s0IQw=="
		},
		"mime-db": {
			"version": "1.30.0",
			"resolved": "https://registry.npmjs.org/mime-db/-/mime-db-1.30.0.tgz",
			"integrity": "sha1-dMZD2i3Z1qRTmZY0ZbJtXKfXHwE="
		},
		"mime-types": {
			"version": "2.1.17",
			"resolved": "https://registry.npmjs.org/mime-types/-/mime-types-2.1.17.tgz",
			"integrity": "sha1-Cdejk/A+mVp5+K+Fe3Cp4KsWVXo=",
			"requires": {
				"mime-db": "~1.30.0"
			}
		},
		"supports-color": {
			"version": "5.2.0",
			"resolved": "https://registry.npmjs.org/supports-color/-/supports-color-5.2.0.tgz",
			"integrity": "sha512-F39vS48la4YvTZUPVeTqsjsFNrvcMwrV3RLZINsmHo+7djCvuUzSIeXOnZ5hmjef4bajL1dNccN+tg5XAliO5Q==",
			"requires": {
				"has-flag": "^3.0.0"
			}
		},
		"unfetch": {
			"version": "4.0.1",
			"resolved": "https://registry.npmjs.org/unfetch/-/unfetch-4.0.1.tgz",
			"integrity": "sha512-HzDM9NgldcRvHVDb/O9vKoUszVij30Yw5ePjOZJig8nF/YisG7QN/9CBXZ8dsHLouXMeLZ82r+Jod9M2wFkEbQ=="
		}
	}
}
