{
  "name": "@esri/arcgis-rest-auth",
  "version": "3.3.0",
  "lockfileVersion": 2,
  "requires": true,
  "packages": {
    "": {
      "name": "@esri/arcgis-rest-auth",
      "version": "3.3.0",
      "license": "Apache-2.0",
      "dependencies": {
        "@esri/arcgis-rest-types": "^3.3.0",
        "tslib": "^2.3.0"
      },
      "devDependencies": {
        "@esri/arcgis-rest-request": "^3.3.0"
      },
      "peerDependencies": {
        "@esri/arcgis-rest-request": "^3.0.0"
      }
    },
    "node_modules/@esri/arcgis-rest-request": {
      "version": "3.3.0",
      "resolved": "https://registry.npmjs.org/@esri/arcgis-rest-request/-/arcgis-rest-request-3.3.0.tgz",
      "integrity": "sha512-z22R9D1wwQ+0LWjCBOsnwDsVGwAh6Z0V6t+GUBW/4b01KCfDymBhrEc2ILa9FCJ2v5y45uqobnSD82oAB9OYUA==",
      "dev": true,
      "dependencies": {
        "tslib": "^1.10.0"
      }
    },
    "node_modules/@esri/arcgis-rest-request/node_modules/tslib": {
      "version": "1.14.1",
      "resolved": "https://registry.npmjs.org/tslib/-/tslib-1.14.1.tgz",
      "integrity": "sha512-Xni35NKzjgMrwevysHTCArtLDpPvye8zV/0E4EyYn43P7/7qvQwPh9BGkHewbMulVntbigmcT7rdX3BNo9wRJg==",
      "dev": true
    },
    "node_modules/@esri/arcgis-rest-types": {
      "version": "3.3.0",
      "resolved": "https://registry.npmjs.org/@esri/arcgis-rest-types/-/arcgis-rest-types-3.3.0.tgz",
      "integrity": "sha512-OVoQQSpamDynBLri7SQOwEPpL7Qlbb8X7YRGMnkfwLjVBszMZeD7A7GVx/7swuqf5vCR1H3AaasOrgQ12jbmdw=="
    },
    "node_modules/tslib": {
      "version": "2.3.1",
      "resolved": "https://registry.npmjs.org/tslib/-/tslib-2.3.1.tgz",
      "integrity": "sha512-77EbyPPpMz+FRFRuAFlWMtmgUWGe9UOG2Z25NqCwiIjRhOf5iKGuzSe5P2w1laq+FkRy4p+PCuVkJSGkzTEKVw=="
    }
  },
  "dependencies": {
    "@esri/arcgis-rest-request": {
      "version": "3.3.0",
      "resolved": "https://registry.npmjs.org/@esri/arcgis-rest-request/-/arcgis-rest-request-3.3.0.tgz",
      "integrity": "sha512-z22R9D1wwQ+0LWjCBOsnwDsVGwAh6Z0V6t+GUBW/4b01KCfDymBhrEc2ILa9FCJ2v5y45uqobnSD82oAB9OYUA==",
      "dev": true,
      "requires": {
        "tslib": "^1.10.0"
      },
      "dependencies": {
        "tslib": {
          "version": "1.14.1",
          "resolved": "https://registry.npmjs.org/tslib/-/tslib-1.14.1.tgz",
          "integrity": "sha512-Xni35NKzjgMrwevysHTCArtLDpPvye8zV/0E4EyYn43P7/7qvQwPh9BGkHewbMulVntbigmcT7rdX3BNo9wRJg==",
          "dev": true
        }
      }
    },
    "@esri/arcgis-rest-types": {
      "version": "3.3.0",
      "resolved": "https://registry.npmjs.org/@esri/arcgis-rest-types/-/arcgis-rest-types-3.3.0.tgz",
      "integrity": "sha512-OVoQQSpamDynBLri7SQOwEPpL7Qlbb8X7YRGMnkfwLjVBszMZeD7A7GVx/7swuqf5vCR1H3AaasOrgQ12jbmdw=="
    },
    "tslib": {
      "version": "2.3.1",
      "resolved": "https://registry.npmjs.org/tslib/-/tslib-2.3.1.tgz",
      "integrity": "sha512-77EbyPPpMz+FRFRuAFlWMtmgUWGe9UOG2Z25NqCwiIjRhOf5iKGuzSe5P2w1laq+FkRy4p+PCuVkJSGkzTEKVw=="
    }
  }
}
