{
  "name": "@esri/arcgis-rest-auth",
  "version": "3.1.1",
  "lockfileVersion": 2,
  "requires": true,
  "packages": {
    "": {
      "name": "@esri/arcgis-rest-auth",
      "version": "3.1.1",
      "license": "Apache-2.0",
      "dependencies": {
        "@esri/arcgis-rest-types": "^3.1.1",
        "tslib": "^1.13.0"
      },
      "devDependencies": {
        "@esri/arcgis-rest-request": "^3.1.1"
      },
      "peerDependencies": {
        "@esri/arcgis-rest-request": "^3.0.0"
      }
    },
    "node_modules/@esri/arcgis-rest-request": {
      "version": "3.1.1",
      "resolved": "https://registry.npmjs.org/@esri/arcgis-rest-request/-/arcgis-rest-request-3.1.1.tgz",
      "integrity": "sha512-MwgRwSLM0dim4TmkJDaOjG3r/dtJ8DviZZL5NQwK9yE+x3zZBccyRBxH3vWTYSGHo+OQJssgupmlixPcaHxPSA==",
      "dev": true,
      "dependencies": {
        "tslib": "^1.10.0"
      }
    },
    "node_modules/@esri/arcgis-rest-types": {
      "version": "3.1.1",
      "resolved": "https://registry.npmjs.org/@esri/arcgis-rest-types/-/arcgis-rest-types-3.1.1.tgz",
      "integrity": "sha512-WlKOlu/vSb4u4JDBhWCM7VvWbfE2ZRTp6DXHBRXuVlEj4krjj3FklmB4JGiEBHWxca7nYBcIFUJUiQxe1vqSyA=="
    },
    "node_modules/tslib": {
      "version": "1.13.0",
      "resolved": "https://registry.npmjs.org/tslib/-/tslib-1.13.0.tgz",
      "integrity": "sha512-i/6DQjL8Xf3be4K/E6Wgpekn5Qasl1usyw++dAA35Ue5orEn65VIxOA+YvNNl9HV3qv70T7CNwjODHZrLwvd1Q=="
    }
  },
  "dependencies": {
    "@esri/arcgis-rest-request": {
      "version": "3.1.1",
      "resolved": "https://registry.npmjs.org/@esri/arcgis-rest-request/-/arcgis-rest-request-3.1.1.tgz",
      "integrity": "sha512-MwgRwSLM0dim4TmkJDaOjG3r/dtJ8DviZZL5NQwK9yE+x3zZBccyRBxH3vWTYSGHo+OQJssgupmlixPcaHxPSA==",
      "dev": true,
      "requires": {
        "tslib": "^1.10.0"
      }
    },
    "@esri/arcgis-rest-types": {
      "version": "3.1.1",
      "resolved": "https://registry.npmjs.org/@esri/arcgis-rest-types/-/arcgis-rest-types-3.1.1.tgz",
      "integrity": "sha512-WlKOlu/vSb4u4JDBhWCM7VvWbfE2ZRTp6DXHBRXuVlEj4krjj3FklmB4JGiEBHWxca7nYBcIFUJUiQxe1vqSyA=="
    },
    "tslib": {
      "version": "1.13.0",
      "resolved": "https://registry.npmjs.org/tslib/-/tslib-1.13.0.tgz",
      "integrity": "sha512-i/6DQjL8Xf3be4K/E6Wgpekn5Qasl1usyw++dAA35Ue5orEn65VIxOA+YvNNl9HV3qv70T7CNwjODHZrLwvd1Q=="
    }
  }
}
