{
	"name": "@esri/arcgis-rest-portal",
	"version": "3.3.1",
	"lockfileVersion": 1,
	"requires": true,
	"dependencies": {
		"@esri/arcgis-rest-auth": {
			"version": "3.3.1",
			"resolved": "https://registry.npmjs.org/@esri/arcgis-rest-auth/-/arcgis-rest-auth-3.3.1.tgz",
			"integrity": "sha512-1TMiqa5+14aZJ1v3VdotInDdOmKrw+A78AfsO2JOmgupklOw7vHL5c2VbfoA9DaCg3TSDTmKKEXkqqtqCEQGvw==",
			"dev": true,
			"requires": {
				"@esri/arcgis-rest-types": "^3.3.1",
				"tslib": "^1.13.0"
			}
		},
		"@esri/arcgis-rest-request": {
			"version": "3.3.1",
			"resolved": "https://registry.npmjs.org/@esri/arcgis-rest-request/-/arcgis-rest-request-3.3.1.tgz",
			"integrity": "sha512-96Tb/6c5mmN80a6pjnGBYaZ0fW6m56g1Z/8QKlYPyI75fr0Ddx8W1seAXWQfF4hGibUcyZ5SyNG2LG4ZGAeu+g==",
			"dev": true,
			"requires": {
				"tslib": "^1.10.0"
			}
		},
		"@esri/arcgis-rest-types": {
			"version": "3.3.1",
			"resolved": "https://registry.npmjs.org/@esri/arcgis-rest-types/-/arcgis-rest-types-3.3.1.tgz",
			"integrity": "sha512-cqLUTW1PfF8anbeSmFe7kDYlm3YQntNGsAdmVtFWu3rm9IfmojtniHPjNtDQF6Y0P34MBMaLmSh+xdhxRAp32g=="
		},
		"tslib": {
			"version": "1.14.1",
			"resolved": "https://registry.npmjs.org/tslib/-/tslib-1.14.1.tgz",
			"integrity": "sha512-Xni35NKzjgMrwevysHTCArtLDpPvye8zV/0E4EyYn43P7/7qvQwPh9BGkHewbMulVntbigmcT7rdX3BNo9wRJg=="
		}
	}
}
