{
  "name": "@esri/jsapi-integration",
  "version": "3.0.0",
  "lockfileVersion": 2,
  "requires": true,
  "packages": {
    "": {
      "name": "@esri/jsapi-integration",
      "version": "3.0.0",
      "license": "Apache-2.0",
      "dependencies": {
        "@esri/arcgis-rest-auth": "^3.0.0",
        "@esri/arcgis-rest-portal": "^3.0.0",
        "@esri/arcgis-rest-request": "^2.25.0"
      },
      "devDependencies": {
        "http-server": "*"
      }
    },
    "../../packages/arcgis-rest-auth": {
      "name": "@esri/arcgis-rest-auth",
      "version": "3.0.0",
      "license": "Apache-2.0",
      "dependencies": {
        "@esri/arcgis-rest-types": "^3.0.0",
        "tslib": "^1.13.0"
      },
      "devDependencies": {
        "@esri/arcgis-rest-request": "^3.0.0"
      },
      "peerDependencies": {
        "@esri/arcgis-rest-request": "^3.0.0"
      }
    },
    "../../packages/arcgis-rest-auth/node_modules/@esri/arcgis-rest-request": {
      "resolved": "../../packages/arcgis-rest-request",
      "link": true
    },
    "../../packages/arcgis-rest-auth/node_modules/@esri/arcgis-rest-types": {
      "resolved": "../../packages/arcgis-rest-types",
      "link": true
    },
    "../../packages/arcgis-rest-auth/node_modules/tslib": {
      "version": "1.13.0",
      "resolved": "https://registry.npmjs.org/tslib/-/tslib-1.13.0.tgz",
      "integrity": "sha512-i/6DQjL8Xf3be4K/E6Wgpekn5Qasl1usyw++dAA35Ue5orEn65VIxOA+YvNNl9HV3qv70T7CNwjODHZrLwvd1Q==",
      "license": "0BSD"
    },
    "../../packages/arcgis-rest-portal": {
      "name": "@esri/arcgis-rest-portal",
      "version": "3.0.0",
      "license": "Apache-2.0",
      "dependencies": {
        "@esri/arcgis-rest-types": "^3.0.0",
        "tslib": "^1.13.0"
      },
      "devDependencies": {
        "@esri/arcgis-rest-auth": "^3.0.0",
        "@esri/arcgis-rest-request": "^3.0.0"
      },
      "peerDependencies": {
        "@esri/arcgis-rest-auth": "^3.0.0",
        "@esri/arcgis-rest-request": "^3.0.0"
      }
    },
    "../../packages/arcgis-rest-portal/node_modules/@esri/arcgis-rest-auth": {
      "resolved": "../../packages/arcgis-rest-auth",
      "link": true
    },
    "../../packages/arcgis-rest-portal/node_modules/@esri/arcgis-rest-request": {
      "resolved": "../../packages/arcgis-rest-request",
      "link": true
    },
    "../../packages/arcgis-rest-portal/node_modules/@esri/arcgis-rest-types": {
      "resolved": "../../packages/arcgis-rest-types",
      "link": true
    },
    "../../packages/arcgis-rest-portal/node_modules/tslib": {
      "version": "1.13.0",
      "resolved": "https://registry.npmjs.org/tslib/-/tslib-1.13.0.tgz",
      "integrity": "sha512-i/6DQjL8Xf3be4K/E6Wgpekn5Qasl1usyw++dAA35Ue5orEn65VIxOA+YvNNl9HV3qv70T7CNwjODHZrLwvd1Q==",
      "license": "0BSD"
    },
    "../../packages/arcgis-rest-request": {
      "name": "@esri/arcgis-rest-request",
      "version": "3.0.0",
      "dev": true,
      "license": "Apache-2.0",
      "dependencies": {
        "tslib": "^1.10.0"
      }
    },
    "../../packages/arcgis-rest-request/node_modules/tslib": {
      "version": "1.13.0",
      "dev": true,
      "license": "0BSD"
    },
    "../../packages/arcgis-rest-types": {
      "name": "@esri/arcgis-rest-types",
      "version": "3.0.0",
      "license": "Apache-2.0"
    },
    "node_modules/@esri/arcgis-rest-auth": {
      "resolved": "../../packages/arcgis-rest-auth",
      "link": true
    },
    "node_modules/@esri/arcgis-rest-portal": {
      "resolved": "../../packages/arcgis-rest-portal",
      "link": true
    },
    "node_modules/@esri/arcgis-rest-request": {
      "version": "2.25.0",
      "resolved": "https://registry.npmjs.org/@esri/arcgis-rest-request/-/arcgis-rest-request-2.25.0.tgz",
      "integrity": "sha512-4KYl+Ene7kwZg/M2ABneZizcWVoQkxDvyB9f6zrcKQ2uYjCj1kEl2OTBFmDhT7HFtBm/8cdLi79p/3kDGtSsqQ==",
      "license": "Apache-2.0",
      "dependencies": {
        "tslib": "^1.10.0"
      }
    },
    "node_modules/async": {
      "version": "1.5.2",
      "resolved": "https://registry.npmjs.org/async/-/async-1.5.2.tgz",
      "integrity": "sha1-7GphrlZIDAw8skHJVhjiCJL5Zyo=",
      "dev": true,
      "license": "MIT"
    },
    "node_modules/colors": {
      "version": "1.0.3",
      "resolved": "https://registry.npmjs.org/colors/-/colors-1.0.3.tgz",
      "integrity": "sha1-BDP0TYCWgP3rYO0mDxsMJi6CpAs=",
      "dev": true,
      "license": "MIT",
      "engines": {
        "node": ">=0.1.90"
      }
    },
    "node_modules/corser": {
      "version": "2.0.1",
      "resolved": "https://registry.npmjs.org/corser/-/corser-2.0.1.tgz",
      "integrity": "sha1-jtolLsqrWEDc2XXOuQ2TcMgZ/4c=",
      "dev": true,
      "license": "MIT",
      "engines": {
        "node": ">= 0.4.0"
      }
    },
    "node_modules/debug": {
      "version": "2.6.8",
      "resolved": "https://registry.npmjs.org/debug/-/debug-2.6.8.tgz",
      "integrity": "sha1-5zFTHKLt4n0YgiJCfaF4IdaP9Pw=",
      "dev": true,
      "license": "MIT",
      "dependencies": {
        "ms": "2.0.0"
      }
    },
    "node_modules/eventemitter3": {
      "version": "3.1.0",
      "resolved": "https://registry.npmjs.org/eventemitter3/-/eventemitter3-3.1.0.tgz",
      "integrity": "sha512-ivIvhpq/Y0uSjcHDcOIccjmYjGLcP09MFGE7ysAwkAvkXfpZlC985pH2/ui64DKazbTW/4kN3yqozUxlXzI6cA==",
      "dev": true,
      "license": "MIT"
    },
    "node_modules/follow-redirects": {
      "version": "1.5.0",
      "resolved": "https://registry.npmjs.org/follow-redirects/-/follow-redirects-1.5.0.tgz",
      "integrity": "sha512-fdrt472/9qQ6Kgjvb935ig6vJCuofpBUD14f9Vb+SLlm7xIe4Qva5gey8EKtv8lp7ahE1wilg3xL1znpVGtZIA==",
      "dev": true,
      "license": "MIT",
      "dependencies": {
        "debug": "^3.1.0"
      },
      "engines": {
        "node": ">=4.0"
      }
    },
    "node_modules/follow-redirects/node_modules/debug": {
      "version": "3.1.0",
      "resolved": "https://registry.npmjs.org/debug/-/debug-3.1.0.tgz",
      "integrity": "sha512-OX8XqP7/1a9cqkxYw2yXss15f26NKWBpDXQd0/uK/KPqdQhxbPa994hnzjcE2VqQpDslf55723cKPUOGSmMY3g==",
      "dev": true,
      "license": "MIT",
      "dependencies": {
        "ms": "2.0.0"
      }
    },
    "node_modules/he": {
      "version": "1.1.1",
      "resolved": "https://registry.npmjs.org/he/-/he-1.1.1.tgz",
      "integrity": "sha1-k0EP0hsAlzUVH4howvJx80J+I/0=",
      "dev": true,
      "license": "MIT",
      "bin": {
        "he": "bin/he"
      }
    },
    "node_modules/http-proxy": {
      "version": "1.17.0",
      "resolved": "https://registry.npmjs.org/http-proxy/-/http-proxy-1.17.0.tgz",
      "integrity": "sha512-Taqn+3nNvYRfJ3bGvKfBSRwy1v6eePlm3oc/aWVxZp57DQr5Eq3xhKJi7Z4hZpS8PC3H4qI+Yly5EmFacGuA/g==",
      "dev": true,
      "license": "MIT",
      "dependencies": {
        "eventemitter3": "^3.0.0",
        "follow-redirects": "^1.0.0",
        "requires-port": "^1.0.0"
      },
      "engines": {
        "node": ">=4.0.0"
      }
    },
    "node_modules/http-server": {
      "version": "0.11.1",
      "resolved": "https://registry.npmjs.org/http-server/-/http-server-0.11.1.tgz",
      "integrity": "sha512-6JeGDGoujJLmhjiRGlt8yK8Z9Kl0vnl/dQoQZlc4oeqaUoAKQg94NILLfrY3oWzSyFaQCVNTcKE5PZ3cH8VP9w==",
      "dev": true,
      "license": "MIT",
      "dependencies": {
        "colors": "1.0.3",
        "corser": "~2.0.0",
        "ecstatic": "^3.0.0",
        "http-proxy": "^1.8.1",
        "opener": "~1.4.0",
        "optimist": "0.6.x",
        "portfinder": "^1.0.13",
        "union": "~0.4.3"
      },
      "bin": {
        "hs": "bin/http-server",
        "http-server": "bin/http-server"
      }
    },
    "node_modules/http-server/node_modules/ecstatic": {
      "version": "3.2.0",
      "resolved": "https://registry.npmjs.org/ecstatic/-/ecstatic-3.2.0.tgz",
      "integrity": "sha512-Goilx/2cfU9vvfQjgtNgc2VmJAD8CasQ6rZDqCd2u4Hsyd/qFET6nBf60jiHodevR3nl3IGzNKtrzPXWP88utQ==",
      "dev": true,
      "license": "MIT",
      "dependencies": {
        "he": "^1.1.1",
        "mime": "^1.4.1",
        "minimist": "^1.1.0",
        "url-join": "^2.0.2"
      },
      "bin": {
        "ecstatic": "lib/ecstatic.js"
      }
    },
    "node_modules/mime": {
      "version": "1.6.0",
      "resolved": "https://registry.npmjs.org/mime/-/mime-1.6.0.tgz",
      "integrity": "sha512-x0Vn8spI+wuJ1O6S7gnbaQg8Pxh4NNHb7KSINmEWKiPE4RKOplvijn+NkmYmmRgP68mc70j2EbeTFRsrswaQeg==",
      "dev": true,
      "license": "MIT",
      "bin": {
        "mime": "cli.js"
      },
      "engines": {
        "node": ">=4"
      }
    },
    "node_modules/minimist": {
      "version": "1.2.0",
      "resolved": "https://registry.npmjs.org/minimist/-/minimist-1.2.0.tgz",
      "integrity": "sha1-o1AIsg9BOD7sH7kU9M1d95omQoQ=",
      "dev": true,
      "license": "MIT"
    },
    "node_modules/mkdirp": {
      "version": "0.5.1",
      "resolved": "https://registry.npmjs.org/mkdirp/-/mkdirp-0.5.1.tgz",
      "integrity": "sha1-MAV0OOrGz3+MR2fzhkjWaX11yQM=",
      "dev": true,
      "license": "MIT",
      "dependencies": {
        "minimist": "0.0.8"
      },
      "bin": {
        "mkdirp": "bin/cmd.js"
      }
    },
    "node_modules/mkdirp/node_modules/minimist": {
      "version": "0.0.8",
      "resolved": "https://registry.npmjs.org/minimist/-/minimist-0.0.8.tgz",
      "integrity": "sha1-hX/Kv8M5fSYluCKCYuhqp6ARsF0=",
      "dev": true,
      "license": "MIT"
    },
    "node_modules/ms": {
      "version": "2.0.0",
      "resolved": "https://registry.npmjs.org/ms/-/ms-2.0.0.tgz",
      "integrity": "sha1-VgiurfwAvmwpAd9fmGF4jeDVl8g=",
      "dev": true,
      "license": "MIT"
    },
    "node_modules/opener": {
      "version": "1.4.3",
      "resolved": "https://registry.npmjs.org/opener/-/opener-1.4.3.tgz",
      "integrity": "sha1-XG2ixdflgx6P+jlklQ+NZnSskLg=",
      "dev": true,
      "license": "(WTFPL OR MIT)",
      "bin": {
        "opener": "opener.js"
      }
    },
    "node_modules/optimist": {
      "version": "0.6.1",
      "resolved": "https://registry.npmjs.org/optimist/-/optimist-0.6.1.tgz",
      "integrity": "sha1-2j6nRob6IaGaERwybpDrFaAZZoY=",
      "dev": true,
      "license": "MIT/X11",
      "dependencies": {
        "minimist": "~0.0.1",
        "wordwrap": "~0.0.2"
      }
    },
    "node_modules/optimist/node_modules/minimist": {
      "version": "0.0.10",
      "resolved": "https://registry.npmjs.org/minimist/-/minimist-0.0.10.tgz",
      "integrity": "sha1-3j+YVD2/lggr5IrRoMfNqDYwHc8=",
      "dev": true,
      "license": "MIT"
    },
    "node_modules/portfinder": {
      "version": "1.0.13",
      "resolved": "https://registry.npmjs.org/portfinder/-/portfinder-1.0.13.tgz",
      "integrity": "sha1-uzLs2HwnEErm7kS1o8y/Drsa7ek=",
      "dev": true,
      "license": "MIT",
      "dependencies": {
        "async": "^1.5.2",
        "debug": "^2.2.0",
        "mkdirp": "0.5.x"
      },
      "engines": {
        "node": ">= 0.12.0"
      }
    },
    "node_modules/qs": {
      "version": "2.3.3",
      "resolved": "https://registry.npmjs.org/qs/-/qs-2.3.3.tgz",
      "integrity": "sha1-6eha2+ddoLvkyOBHaghikPhjtAQ=",
      "dev": true
    },
    "node_modules/requires-port": {
      "version": "1.0.0",
      "resolved": "https://registry.npmjs.org/requires-port/-/requires-port-1.0.0.tgz",
      "integrity": "sha1-kl0mAdOaxIXgkc8NpcbmlNw9yv8=",
      "dev": true,
      "license": "MIT"
    },
    "node_modules/tslib": {
      "version": "1.14.1",
      "resolved": "https://registry.npmjs.org/tslib/-/tslib-1.14.1.tgz",
      "integrity": "sha512-Xni35NKzjgMrwevysHTCArtLDpPvye8zV/0E4EyYn43P7/7qvQwPh9BGkHewbMulVntbigmcT7rdX3BNo9wRJg==",
      "license": "0BSD"
    },
    "node_modules/union": {
      "version": "0.4.6",
      "resolved": "https://registry.npmjs.org/union/-/union-0.4.6.tgz",
      "integrity": "sha1-GY+9rrolTniLDvy2MLwR8kopWeA=",
      "dev": true,
      "dependencies": {
        "qs": "~2.3.3"
      },
      "engines": {
        "node": ">= 0.8.0"
      }
    },
    "node_modules/url-join": {
      "version": "2.0.5",
      "resolved": "https://registry.npmjs.org/url-join/-/url-join-2.0.5.tgz",
      "integrity": "sha1-WvIvGMBSoACkjXuCxenC4v7tpyg=",
      "dev": true,
      "license": "MIT"
    },
    "node_modules/wordwrap": {
      "version": "0.0.3",
      "resolved": "https://registry.npmjs.org/wordwrap/-/wordwrap-0.0.3.tgz",
      "integrity": "sha1-o9XabNXAvAAI03I0u68b7WMFkQc=",
      "dev": true,
      "license": "MIT",
      "engines": {
        "node": ">=0.4.0"
      }
    }
  },
  "dependencies": {
    "@esri/arcgis-rest-auth": {
      "version": "file:../../packages/arcgis-rest-auth",
      "requires": {
        "@esri/arcgis-rest-request": "^3.0.0",
        "@esri/arcgis-rest-types": "^3.0.0",
        "tslib": "^1.13.0"
      },
      "dependencies": {
        "@esri/arcgis-rest-request": {
          "version": "file:../../packages/arcgis-rest-request",
          "requires": {
            "tslib": "^1.10.0"
          },
          "dependencies": {
            "tslib": {
              "version": "1.13.0",
              "dev": true
            }
          }
        },
        "@esri/arcgis-rest-types": {
          "version": "file:../../packages/arcgis-rest-types"
        },
        "tslib": {
          "version": "1.13.0",
          "resolved": "https://registry.npmjs.org/tslib/-/tslib-1.13.0.tgz",
          "integrity": "sha512-i/6DQjL8Xf3be4K/E6Wgpekn5Qasl1usyw++dAA35Ue5orEn65VIxOA+YvNNl9HV3qv70T7CNwjODHZrLwvd1Q=="
        }
      }
    },
    "@esri/arcgis-rest-portal": {
      "version": "file:../../packages/arcgis-rest-portal",
      "requires": {
        "@esri/arcgis-rest-auth": "^3.0.0",
        "@esri/arcgis-rest-request": "^3.0.0",
        "@esri/arcgis-rest-types": "^3.0.0",
        "tslib": "^1.13.0"
      },
      "dependencies": {
        "@esri/arcgis-rest-auth": {
          "version": "file:../../packages/arcgis-rest-auth",
          "requires": {
            "@esri/arcgis-rest-request": "^3.0.0",
            "@esri/arcgis-rest-types": "^3.0.0",
            "tslib": "^1.13.0"
          },
          "dependencies": {
            "@esri/arcgis-rest-request": {
              "version": "file:../../packages/arcgis-rest-request",
              "requires": {
                "tslib": "^1.10.0"
              },
              "dependencies": {
                "tslib": {
                  "version": "1.13.0",
                  "dev": true
                }
              }
            },
            "@esri/arcgis-rest-types": {
              "version": "file:../../packages/arcgis-rest-types"
            },
            "tslib": {
              "version": "1.13.0",
              "resolved": "https://registry.npmjs.org/tslib/-/tslib-1.13.0.tgz",
              "integrity": "sha512-i/6DQjL8Xf3be4K/E6Wgpekn5Qasl1usyw++dAA35Ue5orEn65VIxOA+YvNNl9HV3qv70T7CNwjODHZrLwvd1Q=="
            }
          }
        },
        "@esri/arcgis-rest-request": {
          "version": "file:../../packages/arcgis-rest-request",
          "requires": {
            "tslib": "^1.10.0"
          },
          "dependencies": {
            "tslib": {
              "version": "1.13.0",
              "dev": true
            }
          }
        },
        "@esri/arcgis-rest-types": {
          "version": "file:../../packages/arcgis-rest-types"
        },
        "tslib": {
          "version": "1.13.0",
          "resolved": "https://registry.npmjs.org/tslib/-/tslib-1.13.0.tgz",
          "integrity": "sha512-i/6DQjL8Xf3be4K/E6Wgpekn5Qasl1usyw++dAA35Ue5orEn65VIxOA+YvNNl9HV3qv70T7CNwjODHZrLwvd1Q=="
        }
      }
    },
    "@esri/arcgis-rest-request": {
      "version": "2.25.0",
      "resolved": "https://registry.npmjs.org/@esri/arcgis-rest-request/-/arcgis-rest-request-2.25.0.tgz",
      "integrity": "sha512-4KYl+Ene7kwZg/M2ABneZizcWVoQkxDvyB9f6zrcKQ2uYjCj1kEl2OTBFmDhT7HFtBm/8cdLi79p/3kDGtSsqQ==",
      "requires": {
        "tslib": "^1.10.0"
      }
    },
    "async": {
      "version": "1.5.2",
      "resolved": "https://registry.npmjs.org/async/-/async-1.5.2.tgz",
      "integrity": "sha1-7GphrlZIDAw8skHJVhjiCJL5Zyo=",
      "dev": true
    },
    "colors": {
      "version": "1.0.3",
      "resolved": "https://registry.npmjs.org/colors/-/colors-1.0.3.tgz",
      "integrity": "sha1-BDP0TYCWgP3rYO0mDxsMJi6CpAs=",
      "dev": true
    },
    "corser": {
      "version": "2.0.1",
      "resolved": "https://registry.npmjs.org/corser/-/corser-2.0.1.tgz",
      "integrity": "sha1-jtolLsqrWEDc2XXOuQ2TcMgZ/4c=",
      "dev": true
    },
    "debug": {
      "version": "2.6.8",
      "resolved": "https://registry.npmjs.org/debug/-/debug-2.6.8.tgz",
      "integrity": "sha1-5zFTHKLt4n0YgiJCfaF4IdaP9Pw=",
      "dev": true,
      "requires": {
        "ms": "2.0.0"
      }
    },
    "eventemitter3": {
      "version": "3.1.0",
      "resolved": "https://registry.npmjs.org/eventemitter3/-/eventemitter3-3.1.0.tgz",
      "integrity": "sha512-ivIvhpq/Y0uSjcHDcOIccjmYjGLcP09MFGE7ysAwkAvkXfpZlC985pH2/ui64DKazbTW/4kN3yqozUxlXzI6cA==",
      "dev": true
    },
    "follow-redirects": {
      "version": "1.5.0",
      "resolved": "https://registry.npmjs.org/follow-redirects/-/follow-redirects-1.5.0.tgz",
      "integrity": "sha512-fdrt472/9qQ6Kgjvb935ig6vJCuofpBUD14f9Vb+SLlm7xIe4Qva5gey8EKtv8lp7ahE1wilg3xL1znpVGtZIA==",
      "dev": true,
      "requires": {
        "debug": "^3.1.0"
      },
      "dependencies": {
        "debug": {
          "version": "3.1.0",
          "resolved": "https://registry.npmjs.org/debug/-/debug-3.1.0.tgz",
          "integrity": "sha512-OX8XqP7/1a9cqkxYw2yXss15f26NKWBpDXQd0/uK/KPqdQhxbPa994hnzjcE2VqQpDslf55723cKPUOGSmMY3g==",
          "dev": true,
          "requires": {
            "ms": "2.0.0"
          }
        }
      }
    },
    "he": {
      "version": "1.1.1",
      "resolved": "https://registry.npmjs.org/he/-/he-1.1.1.tgz",
      "integrity": "sha1-k0EP0hsAlzUVH4howvJx80J+I/0=",
      "dev": true
    },
    "http-proxy": {
      "version": "1.17.0",
      "resolved": "https://registry.npmjs.org/http-proxy/-/http-proxy-1.17.0.tgz",
      "integrity": "sha512-Taqn+3nNvYRfJ3bGvKfBSRwy1v6eePlm3oc/aWVxZp57DQr5Eq3xhKJi7Z4hZpS8PC3H4qI+Yly5EmFacGuA/g==",
      "dev": true,
      "requires": {
        "eventemitter3": "^3.0.0",
        "follow-redirects": "^1.0.0",
        "requires-port": "^1.0.0"
      }
    },
    "http-server": {
      "version": "0.11.1",
      "resolved": "https://registry.npmjs.org/http-server/-/http-server-0.11.1.tgz",
      "integrity": "sha512-6JeGDGoujJLmhjiRGlt8yK8Z9Kl0vnl/dQoQZlc4oeqaUoAKQg94NILLfrY3oWzSyFaQCVNTcKE5PZ3cH8VP9w==",
      "dev": true,
      "requires": {
        "colors": "1.0.3",
        "corser": "~2.0.0",
        "ecstatic": "^3.0.0",
        "http-proxy": "^1.8.1",
        "opener": "~1.4.0",
        "optimist": "0.6.x",
        "portfinder": "^1.0.13",
        "union": "~0.4.3"
      },
      "dependencies": {
        "ecstatic": {
          "version": "3.2.0",
          "resolved": "https://registry.npmjs.org/ecstatic/-/ecstatic-3.2.0.tgz",
          "integrity": "sha512-Goilx/2cfU9vvfQjgtNgc2VmJAD8CasQ6rZDqCd2u4Hsyd/qFET6nBf60jiHodevR3nl3IGzNKtrzPXWP88utQ==",
          "dev": true,
          "requires": {
            "he": "^1.1.1",
            "mime": "^1.4.1",
            "minimist": "^1.1.0",
            "url-join": "^2.0.2"
          }
        }
      }
    },
    "mime": {
      "version": "1.6.0",
      "resolved": "https://registry.npmjs.org/mime/-/mime-1.6.0.tgz",
      "integrity": "sha512-x0Vn8spI+wuJ1O6S7gnbaQg8Pxh4NNHb7KSINmEWKiPE4RKOplvijn+NkmYmmRgP68mc70j2EbeTFRsrswaQeg==",
      "dev": true
    },
    "minimist": {
      "version": "1.2.0",
      "resolved": "https://registry.npmjs.org/minimist/-/minimist-1.2.0.tgz",
      "integrity": "sha1-o1AIsg9BOD7sH7kU9M1d95omQoQ=",
      "dev": true
    },
    "mkdirp": {
      "version": "0.5.1",
      "resolved": "https://registry.npmjs.org/mkdirp/-/mkdirp-0.5.1.tgz",
      "integrity": "sha1-MAV0OOrGz3+MR2fzhkjWaX11yQM=",
      "dev": true,
      "requires": {
        "minimist": "0.0.8"
      },
      "dependencies": {
        "minimist": {
          "version": "0.0.8",
          "resolved": "https://registry.npmjs.org/minimist/-/minimist-0.0.8.tgz",
          "integrity": "sha1-hX/Kv8M5fSYluCKCYuhqp6ARsF0=",
          "dev": true
        }
      }
    },
    "ms": {
      "version": "2.0.0",
      "resolved": "https://registry.npmjs.org/ms/-/ms-2.0.0.tgz",
      "integrity": "sha1-VgiurfwAvmwpAd9fmGF4jeDVl8g=",
      "dev": true
    },
    "opener": {
      "version": "1.4.3",
      "resolved": "https://registry.npmjs.org/opener/-/opener-1.4.3.tgz",
      "integrity": "sha1-XG2ixdflgx6P+jlklQ+NZnSskLg=",
      "dev": true
    },
    "optimist": {
      "version": "0.6.1",
      "resolved": "https://registry.npmjs.org/optimist/-/optimist-0.6.1.tgz",
      "integrity": "sha1-2j6nRob6IaGaERwybpDrFaAZZoY=",
      "dev": true,
      "requires": {
        "minimist": "~0.0.1",
        "wordwrap": "~0.0.2"
      },
      "dependencies": {
        "minimist": {
          "version": "0.0.10",
          "resolved": "https://registry.npmjs.org/minimist/-/minimist-0.0.10.tgz",
          "integrity": "sha1-3j+YVD2/lggr5IrRoMfNqDYwHc8=",
          "dev": true
        }
      }
    },
    "portfinder": {
      "version": "1.0.13",
      "resolved": "https://registry.npmjs.org/portfinder/-/portfinder-1.0.13.tgz",
      "integrity": "sha1-uzLs2HwnEErm7kS1o8y/Drsa7ek=",
      "dev": true,
      "requires": {
        "async": "^1.5.2",
        "debug": "^2.2.0",
        "mkdirp": "0.5.x"
      }
    },
    "qs": {
      "version": "2.3.3",
      "resolved": "https://registry.npmjs.org/qs/-/qs-2.3.3.tgz",
      "integrity": "sha1-6eha2+ddoLvkyOBHaghikPhjtAQ=",
      "dev": true
    },
    "requires-port": {
      "version": "1.0.0",
      "resolved": "https://registry.npmjs.org/requires-port/-/requires-port-1.0.0.tgz",
      "integrity": "sha1-kl0mAdOaxIXgkc8NpcbmlNw9yv8=",
      "dev": true
    },
    "tslib": {
      "version": "1.14.1",
      "resolved": "https://registry.npmjs.org/tslib/-/tslib-1.14.1.tgz",
      "integrity": "sha512-Xni35NKzjgMrwevysHTCArtLDpPvye8zV/0E4EyYn43P7/7qvQwPh9BGkHewbMulVntbigmcT7rdX3BNo9wRJg=="
    },
    "union": {
      "version": "0.4.6",
      "resolved": "https://registry.npmjs.org/union/-/union-0.4.6.tgz",
      "integrity": "sha1-GY+9rrolTniLDvy2MLwR8kopWeA=",
      "dev": true,
      "requires": {
        "qs": "~2.3.3"
      }
    },
    "url-join": {
      "version": "2.0.5",
      "resolved": "https://registry.npmjs.org/url-join/-/url-join-2.0.5.tgz",
      "integrity": "sha1-WvIvGMBSoACkjXuCxenC4v7tpyg=",
      "dev": true
    },
    "wordwrap": {
      "version": "0.0.3",
      "resolved": "https://registry.npmjs.org/wordwrap/-/wordwrap-0.0.3.tgz",
      "integrity": "sha1-o9XabNXAvAAI03I0u68b7WMFkQc=",
      "dev": true
    }
  }
}
