{
	"requires": true,
	"lockfileVersion": 1,
	"dependencies": {
		"ansi-regex": {
			"version": "0.2.1",
			"resolved": "https://registry.npmjs.org/ansi-regex/-/ansi-regex-0.2.1.tgz",
			"integrity": "sha1-DY6UaWej2BQ/k+JOKYUl/BsiNfk="
		},
		"ansi-styles": {
			"version": "1.1.0",
			"resolved": "https://registry.npmjs.org/ansi-styles/-/ansi-styles-1.1.0.tgz",
			"integrity": "sha1-6uy/Zs1waIJ2Cy9GkVgrj1XXp94="
		},
		"async": {
			"version": "1.5.2",
			"resolved": "https://registry.npmjs.org/async/-/async-1.5.2.tgz",
			"integrity": "sha1-7GphrlZIDAw8skHJVhjiCJL5Zyo="
		},
		"chalk": {
			"version": "0.5.1",
			"resolved": "https://registry.npmjs.org/chalk/-/chalk-0.5.1.tgz",
			"integrity": "sha1-Zjs6ZItotV0EaQ1JFnqoN4WPIXQ=",
			"requires": {
				"ansi-styles": "1.1.0",
				"escape-string-regexp": "1.0.5",
				"has-ansi": "0.1.0",
				"strip-ansi": "0.3.0",
				"supports-color": "0.2.0"
			},
			"dependencies": {
				"supports-color": {
					"version": "0.2.0",
					"resolved": "https://registry.npmjs.org/supports-color/-/supports-color-0.2.0.tgz",
					"integrity": "sha1-2S3iaU6z9nMjlz1649i1W0wiGQo="
				}
			}
		},
		"colors": {
			"version": "1.0.3",
			"resolved": "https://registry.npmjs.org/colors/-/colors-1.0.3.tgz",
			"integrity": "sha1-BDP0TYCWgP3rYO0mDxsMJi6CpAs="
		},
		"commander": {
			"version": "2.6.0",
			"resolved": "https://registry.npmjs.org/commander/-/commander-2.6.0.tgz",
			"integrity": "sha1-nfflL7Kgyw+4kFjugMMQQiXzfh0="
		},
		"concurrently": {
			"version": "3.5.0",
			"resolved": "https://registry.npmjs.org/concurrently/-/concurrently-3.5.0.tgz",
			"integrity": "sha1-jPG3cHppFqeKT/W3e7BN7FSzebI=",
			"requires": {
				"chalk": "0.5.1",
				"commander": "2.6.0",
				"date-fns": "1.28.5",
				"lodash": "4.17.4",
				"rx": "2.3.24",
				"spawn-command": "0.0.2-1",
				"supports-color": "3.2.3",
				"tree-kill": "1.1.0"
			}
		},
		"corser": {
			"version": "2.0.1",
			"resolved": "https://registry.npmjs.org/corser/-/corser-2.0.1.tgz",
			"integrity": "sha1-jtolLsqrWEDc2XXOuQ2TcMgZ/4c="
		},
		"date-fns": {
			"version": "1.28.5",
			"resolved": "https://registry.npmjs.org/date-fns/-/date-fns-1.28.5.tgz",
			"integrity": "sha1-JXz8RdMi30XvVlhmWWfuhBzXP68="
		},
		"debug": {
			"version": "2.6.8",
			"resolved": "https://registry.npmjs.org/debug/-/debug-2.6.8.tgz",
			"integrity": "sha1-5zFTHKLt4n0YgiJCfaF4IdaP9Pw=",
			"requires": {
				"ms": "2.0.0"
			}
		},
		"ecstatic": {
			"version": "2.2.1",
			"resolved": "https://registry.npmjs.org/ecstatic/-/ecstatic-2.2.1.tgz",
			"integrity": "sha512-ztE4WqheoWLh3wv+HQwy7dACnvNY620coWpa+XqY6R2cVWgaAT2lUISU1Uf7JpdLLJCURktJOaA9av2AOzsyYQ==",
			"requires": {
				"he": "1.1.1",
				"mime": "1.3.6",
				"minimist": "1.2.0",
				"url-join": "2.0.2"
			}
		},
		"escape-string-regexp": {
			"version": "1.0.5",
			"resolved": "https://registry.npmjs.org/escape-string-regexp/-/escape-string-regexp-1.0.5.tgz",
			"integrity": "sha1-G2HAViGQqN/2rjuyzwIAyhMLhtQ="
		},
		"eventemitter3": {
			"version": "1.2.0",
			"resolved": "https://registry.npmjs.org/eventemitter3/-/eventemitter3-1.2.0.tgz",
			"integrity": "sha1-HIaZHYFq0eUEdQ5zh0Ik7PO+xQg="
		},
		"has-ansi": {
			"version": "0.1.0",
			"resolved": "https://registry.npmjs.org/has-ansi/-/has-ansi-0.1.0.tgz",
			"integrity": "sha1-hPJlqujA5qiKEtcCKJS3VoiUxi4=",
			"requires": {
				"ansi-regex": "0.2.1"
			}
		},
		"has-flag": {
			"version": "1.0.0",
			"resolved": "https://registry.npmjs.org/has-flag/-/has-flag-1.0.0.tgz",
			"integrity": "sha1-nZ55MWXOAXoA8AQYxD+UKnsdEfo="
		},
		"he": {
			"version": "1.1.1",
			"resolved": "https://registry.npmjs.org/he/-/he-1.1.1.tgz",
			"integrity": "sha1-k0EP0hsAlzUVH4howvJx80J+I/0="
		},
		"http-proxy": {
			"version": "1.16.2",
			"resolved": "https://registry.npmjs.org/http-proxy/-/http-proxy-1.16.2.tgz",
			"integrity": "sha1-Bt/ykpUr9k2+hHH6nfcwZtTzd0I=",
			"requires": {
				"eventemitter3": "1.2.0",
				"requires-port": "1.0.0"
			}
		},
		"http-server": {
			"version": "0.10.0",
			"resolved": "https://registry.npmjs.org/http-server/-/http-server-0.10.0.tgz",
			"integrity": "sha1-sqRGsWqduH7TxiK6m+sbCFsSNKc=",
			"requires": {
				"colors": "1.0.3",
				"corser": "2.0.1",
				"ecstatic": "2.2.1",
				"http-proxy": "1.16.2",
				"opener": "1.4.3",
				"optimist": "0.6.1",
				"portfinder": "1.0.13",
				"union": "0.4.6"
			}
		},
		"lodash": {
			"version": "4.17.4",
			"resolved": "https://registry.npmjs.org/lodash/-/lodash-4.17.4.tgz",
			"integrity": "sha1-eCA6TRwyiuHYbcpkYONptX9AVa4="
		},
		"mime": {
			"version": "1.3.6",
			"resolved": "https://registry.npmjs.org/mime/-/mime-1.3.6.tgz",
			"integrity": "sha1-WR2E02U6awtKO5343lqoEI5y5eA="
		},
		"minimist": {
			"version": "1.2.0",
			"resolved": "https://registry.npmjs.org/minimist/-/minimist-1.2.0.tgz",
			"integrity": "sha1-o1AIsg9BOD7sH7kU9M1d95omQoQ="
		},
		"mkdirp": {
			"version": "0.5.1",
			"resolved": "https://registry.npmjs.org/mkdirp/-/mkdirp-0.5.1.tgz",
			"integrity": "sha1-MAV0OOrGz3+MR2fzhkjWaX11yQM=",
			"requires": {
				"minimist": "0.0.8"
			},
			"dependencies": {
				"minimist": {
					"version": "0.0.8",
					"resolved": "https://registry.npmjs.org/minimist/-/minimist-0.0.8.tgz",
					"integrity": "sha1-hX/Kv8M5fSYluCKCYuhqp6ARsF0="
				}
			}
		},
		"ms": {
			"version": "2.0.0",
			"resolved": "https://registry.npmjs.org/ms/-/ms-2.0.0.tgz",
			"integrity": "sha1-VgiurfwAvmwpAd9fmGF4jeDVl8g="
		},
		"opener": {
			"version": "1.4.3",
			"resolved": "https://registry.npmjs.org/opener/-/opener-1.4.3.tgz",
			"integrity": "sha1-XG2ixdflgx6P+jlklQ+NZnSskLg="
		},
		"optimist": {
			"version": "0.6.1",
			"resolved": "https://registry.npmjs.org/optimist/-/optimist-0.6.1.tgz",
			"integrity": "sha1-2j6nRob6IaGaERwybpDrFaAZZoY=",
			"requires": {
				"minimist": "0.0.10",
				"wordwrap": "0.0.3"
			},
			"dependencies": {
				"minimist": {
					"version": "0.0.10",
					"resolved": "https://registry.npmjs.org/minimist/-/minimist-0.0.10.tgz",
					"integrity": "sha1-3j+YVD2/lggr5IrRoMfNqDYwHc8="
				}
			}
		},
		"portfinder": {
			"version": "1.0.13",
			"resolved": "https://registry.npmjs.org/portfinder/-/portfinder-1.0.13.tgz",
			"integrity": "sha1-uzLs2HwnEErm7kS1o8y/Drsa7ek=",
			"requires": {
				"async": "1.5.2",
				"debug": "2.6.8",
				"mkdirp": "0.5.1"
			}
		},
		"qs": {
			"version": "2.3.3",
			"resolved": "https://registry.npmjs.org/qs/-/qs-2.3.3.tgz",
			"integrity": "sha1-6eha2+ddoLvkyOBHaghikPhjtAQ="
		},
		"requires-port": {
			"version": "1.0.0",
			"resolved": "https://registry.npmjs.org/requires-port/-/requires-port-1.0.0.tgz",
			"integrity": "sha1-kl0mAdOaxIXgkc8NpcbmlNw9yv8="
		},
		"rx": {
			"version": "2.3.24",
			"resolved": "https://registry.npmjs.org/rx/-/rx-2.3.24.tgz",
			"integrity": "sha1-FPlQpCF9fjXapxu8vljv9o6ksrc="
		},
		"spawn-command": {
			"version": "0.0.2-1",
			"resolved": "https://registry.npmjs.org/spawn-command/-/spawn-command-0.0.2-1.tgz",
			"integrity": "sha1-YvXpRmmBwbeW3Fkpk34RycaSG9A="
		},
		"strip-ansi": {
			"version": "0.3.0",
			"resolved": "https://registry.npmjs.org/strip-ansi/-/strip-ansi-0.3.0.tgz",
			"integrity": "sha1-JfSOoiynkYfzF0pNuHWTR7sSYiA=",
			"requires": {
				"ansi-regex": "0.2.1"
			}
		},
		"supports-color": {
			"version": "3.2.3",
			"resolved": "https://registry.npmjs.org/supports-color/-/supports-color-3.2.3.tgz",
			"integrity": "sha1-ZawFBLOVQXHYpklGsq48u4pfVPY=",
			"requires": {
				"has-flag": "1.0.0"
			}
		},
		"tree-kill": {
			"version": "1.1.0",
			"resolved": "https://registry.npmjs.org/tree-kill/-/tree-kill-1.1.0.tgz",
			"integrity": "sha1-yWPc8DciiS7FnLpWnpQLcZVNFyk="
		},
		"union": {
			"version": "0.4.6",
			"resolved": "https://registry.npmjs.org/union/-/union-0.4.6.tgz",
			"integrity": "sha1-GY+9rrolTniLDvy2MLwR8kopWeA=",
			"requires": {
				"qs": "2.3.3"
			}
		},
		"url-join": {
			"version": "2.0.2",
			"resolved": "https://registry.npmjs.org/url-join/-/url-join-2.0.2.tgz",
			"integrity": "sha1-wHJ1aWetJLi1nldBVRyqx49QuLc="
		},
		"wordwrap": {
			"version": "0.0.3",
			"resolved": "https://registry.npmjs.org/wordwrap/-/wordwrap-0.0.3.tgz",
			"integrity": "sha1-o9XabNXAvAAI03I0u68b7WMFkQc="
		}
	}
}
