{
	"name": "arcgis-rest-routing",
	"lockfileVersion": 2,
	"requires": true,
	"packages": {
		"": {
			"dependencies": {
				"@terraformer/arcgis": "^2.0.7",
				"@types/terraformer__arcgis": "^2.0.0",
				"tslib": "^2.3.0"
			}
		},
		"node_modules/@terraformer/arcgis": {
			"version": "2.1.0",
			"resolved": "https://registry.npmjs.org/@terraformer/arcgis/-/arcgis-2.1.0.tgz",
			"integrity": "sha512-eKTvNXze2Fo7vAEjvJFIGn5QdU0OP4aD9DuT/uTBLRM1QS+ju7KtPITbVW+xgCviHLnOVeFQ1UsIs9kjkakD4g==",
			"dependencies": {
				"@terraformer/common": "^2.0.7"
			}
		},
		"node_modules/@terraformer/common": {
			"version": "2.0.7",
			"resolved": "https://registry.npmjs.org/@terraformer/common/-/common-2.0.7.tgz",
			"integrity": "sha512-8bl+/JT0Rw6FYe2H3FfJS8uQwgzGl+UHs+8JX0TQLHgA4sMDEwObbMwo0iP3FVONwPXrPHEpC5YH7Grve0cl9A=="
		},
		"node_modules/@types/arcgis-rest-api": {
			"version": "10.4.5",
			"resolved": "https://registry.npmjs.org/@types/arcgis-rest-api/-/arcgis-rest-api-10.4.5.tgz",
			"integrity": "sha512-MhpTj3aaURIFhK6pBRF50yCHW5TpbeuC1E81juovfNesSOshsQnCzludhpBhIr2pNzplTBlfzrT7RKiLZ5F3Tw=="
		},
		"node_modules/@types/geojson": {
			"version": "7946.0.8",
			"resolved": "https://registry.npmjs.org/@types/geojson/-/geojson-7946.0.8.tgz",
			"integrity": "sha512-1rkryxURpr6aWP7R786/UQOkJ3PcpQiWkAXBmdWc7ryFWqN6a4xfK7BtjXvFBKO9LjQ+MWQSWxYeZX1OApnArA=="
		},
		"node_modules/@types/terraformer__arcgis": {
			"version": "2.0.2",
			"resolved": "https://registry.npmjs.org/@types/terraformer__arcgis/-/terraformer__arcgis-2.0.2.tgz",
			"integrity": "sha512-0B1Y2LqGJbinZ/cF/5sZwY+1EfrsAJ/M80BVl49I/1m7Y6cO5+3kzwU/pksdJWQgmbpfAk03JHb0EgUYd9R87w==",
			"dependencies": {
				"@types/arcgis-rest-api": "*",
				"@types/geojson": "*"
			}
		},
		"node_modules/tslib": {
			"version": "2.3.1",
			"resolved": "https://registry.npmjs.org/tslib/-/tslib-2.3.1.tgz",
			"integrity": "sha512-77EbyPPpMz+FRFRuAFlWMtmgUWGe9UOG2Z25NqCwiIjRhOf5iKGuzSe5P2w1laq+FkRy4p+PCuVkJSGkzTEKVw=="
		}
	},
	"dependencies": {
		"@terraformer/arcgis": {
			"version": "2.1.0",
			"resolved": "https://registry.npmjs.org/@terraformer/arcgis/-/arcgis-2.1.0.tgz",
			"integrity": "sha512-eKTvNXze2Fo7vAEjvJFIGn5QdU0OP4aD9DuT/uTBLRM1QS+ju7KtPITbVW+xgCviHLnOVeFQ1UsIs9kjkakD4g==",
			"requires": {
				"@terraformer/common": "^2.0.7"
			}
		},
		"@terraformer/common": {
			"version": "2.0.7",
			"resolved": "https://registry.npmjs.org/@terraformer/common/-/common-2.0.7.tgz",
			"integrity": "sha512-8bl+/JT0Rw6FYe2H3FfJS8uQwgzGl+UHs+8JX0TQLHgA4sMDEwObbMwo0iP3FVONwPXrPHEpC5YH7Grve0cl9A=="
		},
		"@types/arcgis-rest-api": {
			"version": "10.4.5",
			"resolved": "https://registry.npmjs.org/@types/arcgis-rest-api/-/arcgis-rest-api-10.4.5.tgz",
			"integrity": "sha512-MhpTj3aaURIFhK6pBRF50yCHW5TpbeuC1E81juovfNesSOshsQnCzludhpBhIr2pNzplTBlfzrT7RKiLZ5F3Tw=="
		},
		"@types/geojson": {
			"version": "7946.0.8",
			"resolved": "https://registry.npmjs.org/@types/geojson/-/geojson-7946.0.8.tgz",
			"integrity": "sha512-1rkryxURpr6aWP7R786/UQOkJ3PcpQiWkAXBmdWc7ryFWqN6a4xfK7BtjXvFBKO9LjQ+MWQSWxYeZX1OApnArA=="
		},
		"@types/terraformer__arcgis": {
			"version": "2.0.2",
			"resolved": "https://registry.npmjs.org/@types/terraformer__arcgis/-/terraformer__arcgis-2.0.2.tgz",
			"integrity": "sha512-0B1Y2LqGJbinZ/cF/5sZwY+1EfrsAJ/M80BVl49I/1m7Y6cO5+3kzwU/pksdJWQgmbpfAk03JHb0EgUYd9R87w==",
			"requires": {
				"@types/arcgis-rest-api": "*",
				"@types/geojson": "*"
			}
		},
		"tslib": {
			"version": "2.3.1",
			"resolved": "https://registry.npmjs.org/tslib/-/tslib-2.3.1.tgz",
			"integrity": "sha512-77EbyPPpMz+FRFRuAFlWMtmgUWGe9UOG2Z25NqCwiIjRhOf5iKGuzSe5P2w1laq+FkRy4p+PCuVkJSGkzTEKVw=="
		}
	}
}
