{
  "name": "@esri/arcgis-rest-feature-layer",
  "version": "3.0.0",
  "lockfileVersion": 2,
  "requires": true,
  "packages": {
    "": {
      "name": "@esri/arcgis-rest-feature-layer",
      "version": "3.0.0",
      "license": "Apache-2.0",
      "dependencies": {
        "@esri/arcgis-rest-types": "^3.0.0",
        "tslib": "^1.13.0"
      },
      "devDependencies": {
        "@esri/arcgis-rest-auth": "^3.0.0",
        "@esri/arcgis-rest-request": "^3.0.0"
      },
      "peerDependencies": {
        "@esri/arcgis-rest-auth": "^3.0.0",
        "@esri/arcgis-rest-request": "^3.0.0"
      }
    },
    "../arcgis-rest-auth": {
      "name": "@esri/arcgis-rest-auth",
      "version": "3.0.0",
      "dev": true,
      "license": "Apache-2.0",
      "dependencies": {
        "@esri/arcgis-rest-types": "^3.0.0",
        "tslib": "^1.13.0"
      },
      "devDependencies": {
        "@esri/arcgis-rest-request": "^3.0.0"
      },
      "peerDependencies": {
        "@esri/arcgis-rest-request": "^3.0.0"
      }
    },
    "../arcgis-rest-auth/node_modules/@esri/arcgis-rest-request": {
      "resolved": "../arcgis-rest-request",
      "link": true
    },
    "../arcgis-rest-auth/node_modules/@esri/arcgis-rest-types": {
      "resolved": "../arcgis-rest-types",
      "link": true
    },
    "../arcgis-rest-auth/node_modules/tslib": {
      "version": "1.13.0",
      "resolved": "https://registry.npmjs.org/tslib/-/tslib-1.13.0.tgz",
      "integrity": "sha512-i/6DQjL8Xf3be4K/E6Wgpekn5Qasl1usyw++dAA35Ue5orEn65VIxOA+YvNNl9HV3qv70T7CNwjODHZrLwvd1Q==",
      "dev": true,
      "license": "0BSD"
    },
    "../arcgis-rest-request": {
      "name": "@esri/arcgis-rest-request",
      "version": "3.0.0",
      "dev": true,
      "license": "Apache-2.0",
      "dependencies": {
        "tslib": "^1.10.0"
      }
    },
    "../arcgis-rest-request/node_modules/tslib": {
      "version": "1.13.0",
      "dev": true,
      "license": "0BSD"
    },
    "../arcgis-rest-types": {
      "name": "@esri/arcgis-rest-types",
      "version": "3.0.0",
      "license": "Apache-2.0"
    },
    "node_modules/@esri/arcgis-rest-auth": {
      "resolved": "../arcgis-rest-auth",
      "link": true
    },
    "node_modules/@esri/arcgis-rest-request": {
      "resolved": "../arcgis-rest-request",
      "link": true
    },
    "node_modules/@esri/arcgis-rest-types": {
      "resolved": "../arcgis-rest-types",
      "link": true
    },
    "node_modules/tslib": {
      "version": "1.13.0",
      "resolved": "https://registry.npmjs.org/tslib/-/tslib-1.13.0.tgz",
      "integrity": "sha512-i/6DQjL8Xf3be4K/E6Wgpekn5Qasl1usyw++dAA35Ue5orEn65VIxOA+YvNNl9HV3qv70T7CNwjODHZrLwvd1Q==",
      "license": "0BSD"
    }
  },
  "dependencies": {
    "@esri/arcgis-rest-auth": {
      "version": "file:../arcgis-rest-auth",
      "requires": {
        "@esri/arcgis-rest-request": "^3.0.0",
        "@esri/arcgis-rest-types": "^3.0.0",
        "tslib": "^1.13.0"
      },
      "dependencies": {
        "@esri/arcgis-rest-request": {
          "version": "file:../arcgis-rest-request",
          "requires": {
            "tslib": "^1.10.0"
          },
          "dependencies": {
            "tslib": {
              "version": "1.13.0",
              "dev": true
            }
          }
        },
        "@esri/arcgis-rest-types": {
          "version": "file:../arcgis-rest-types"
        },
        "tslib": {
          "version": "1.13.0",
          "resolved": "https://registry.npmjs.org/tslib/-/tslib-1.13.0.tgz",
          "integrity": "sha512-i/6DQjL8Xf3be4K/E6Wgpekn5Qasl1usyw++dAA35Ue5orEn65VIxOA+YvNNl9HV3qv70T7CNwjODHZrLwvd1Q==",
          "dev": true
        }
      }
    },
    "@esri/arcgis-rest-request": {
      "version": "file:../arcgis-rest-request",
      "requires": {
        "tslib": "^1.10.0"
      },
      "dependencies": {
        "tslib": {
          "version": "1.13.0",
          "dev": true
        }
      }
    },
    "@esri/arcgis-rest-types": {
      "version": "file:../arcgis-rest-types"
    },
    "tslib": {
      "version": "1.13.0",
      "resolved": "https://registry.npmjs.org/tslib/-/tslib-1.13.0.tgz",
      "integrity": "sha512-i/6DQjL8Xf3be4K/E6Wgpekn5Qasl1usyw++dAA35Ue5orEn65VIxOA+YvNNl9HV3qv70T7CNwjODHZrLwvd1Q=="
    }
  }
}
